
Microsoft Visual Studio Solution File, Format Version 12.00
# Visual Studio Version 16
VisualStudioVersion = 16.0.30309.148
MinimumVisualStudioVersion = 10.0.40219.1
Project("{FAE04EC0-301F-11D3-BF4B-00C04F79EFBC}") = "Part 9 - Classes", "Part 9 - Classes.csproj", "{61BC4826-EF21-4581-A49A-2455D74104A4}"
EndProject
Global
	GlobalSection(SolutionConfigurationPlatforms) = preSolution
		Debug|Any CPU = Debug|Any CPU
		Release|Any CPU = Release|Any CPU
	EndGlobalSection
	GlobalSection(ProjectConfigurationPlatforms) = postSolution
		{61BC4826-EF21-4581-A49A-2455D74104A4}.Debug|Any CPU.ActiveCfg = Debug|Any CPU
		{61BC4826-EF21-4581-A49A-2455D74104A4}.Debug|Any CPU.Build.0 = Debug|Any CPU
		{61BC4826-EF21-4581-A49A-2455D74104A4}.Release|Any CPU.ActiveCfg = Release|Any CPU
		{61BC4826-EF21-4581-A49A-2455D74104A4}.Release|Any CPU.Build.0 = Release|Any CPU
	EndGlobalSection
	GlobalSection(SolutionProperties) = preSolution
		HideSolutionNode = FALSE
	EndGlobalSection
	GlobalSection(ExtensibilityGlobals) = postSolution
		SolutionGuid = {ACB1B0B5-26E2-4DDB-BB6F-85B044F6398A}
	EndGlobalSection
EndGlobal
